
Microsoft Visual Studio Solution File, Format Version 12.00
# Visual Studio 15
VisualStudioVersion = 15.0.28010.2046
MinimumVisualStudioVersion = 10.0.40219.1
Project("{8BC9CEB8-8B4A-11D0-8D11-00A0C91BC942}") = "Ch01", "Ch01\Ch01.vcxproj", "{B98489D3-C3C8-46FB-825A-CBA93F1DB4AF}"
EndProject
Project("{8BC9CEB8-8B4A-11D0-8D11-00A0C91BC942}") = "HelloWorld", "HelloWorld\HelloWorld.vcxproj", "{3D536F5D-E11E-4653-8E8D-19BBAC0F378A}"
EndProject
Project("{8BC9CEB8-8B4A-11D0-8D11-00A0C91BC942}") = "SimpleAdder", "SimpleAdder\SimpleAdder.vcxproj", "{36D4CF4A-6761-4CC1-B048-CE755CE9B636}"
EndProject
Project("{8BC9CEB8-8B4A-11D0-8D11-00A0C91BC942}") = "BetweenAdder", "BetweenAdder\BetweenAdder.vcxproj", "{083AF262-57F1-48A9-9F43-6DC5112953F9}"
EndProject
Project("{8BC9CEB8-8B4A-11D0-8D11-00A0C91BC942}") = "StringIO", "StringIO\StringIO.vcxproj", "{0BDD44F1-5B71-4ADC-82A8-BF4840A60E4A}"
EndProject
Project("{8BC9CEB8-8B4A-11D0-8D11-00A0C91BC942}") = "Q01-1", "Q01-1\Q01-1.vcxproj", "{17C184E2-BFA5-44D6-884C-C015E48BBD2B}"
EndProject
Project("{8BC9CEB8-8B4A-11D0-8D11-00A0C91BC942}") = "FunctionOverloading", "FunctionOverloading\FunctionOverloading.vcxproj", "{FFAE3D42-10AB-4710-A8C8-11BAC1DEDFBE}"
EndProject
Project("{8BC9CEB8-8B4A-11D0-8D11-00A0C91BC942}") = "Q01-2", "Q01-2\Q01-2.vcxproj", "{D59074C3-494B-4341-BA33-E78775CA1D17}"
EndProject
Project("{8BC9CEB8-8B4A-11D0-8D11-00A0C91BC942}") = "DefaultValue1", "DefaultValue1\DefaultValue1.vcxproj", "{C1CE2D43-A4C8-453B-83AA-81EC543DA0BD}"
EndProject
Project("{8BC9CEB8-8B4A-11D0-8D11-00A0C91BC942}") = "DefaultValue3", "DefaultValue3\DefaultValue3.vcxproj", "{465D2F08-4769-4AA3-8BA5-C1343DEAEBF6}"
EndProject
Project("{8BC9CEB8-8B4A-11D0-8D11-00A0C91BC942}") = "Q01-3", "Q01-3\Q01-3.vcxproj", "{5417D5E9-12E7-4AB2-A19A-343707217C0C}"
EndProject
Project("{8BC9CEB8-8B4A-11D0-8D11-00A0C91BC942}") = "InlineFunc", "InlineFunc\InlineFunc.vcxproj", "{F5172685-BB38-4747-9DC1-D4B4498C70CC}"
EndProject
Project("{8BC9CEB8-8B4A-11D0-8D11-00A0C91BC942}") = "template", "template\template.vcxproj", "{9807D973-62A2-4A9B-B42E-C9FDEB2EEFBB}"
EndProject
Project("{8BC9CEB8-8B4A-11D0-8D11-00A0C91BC942}") = "DefaultValue2", "DefaultValue2\DefaultValue2.vcxproj", "{AFAA7F60-0EFA-4CEA-9AF1-8B706BFC47AA}"
EndProject
Project("{8BC9CEB8-8B4A-11D0-8D11-00A0C91BC942}") = "NameSp1", "NameSp1\NameSp1.vcxproj", "{F019C8BA-223E-49B0-8B95-800B2D1A75C2}"
EndProject
Project("{8BC9CEB8-8B4A-11D0-8D11-00A0C91BC942}") = "NameSp2", "NameSp2\NameSp2.vcxproj", "{826E0306-7940-4236-BFBA-11C2FB37126C}"
EndProject
Project("{8BC9CEB8-8B4A-11D0-8D11-00A0C91BC942}") = "NameSp3", "NameSp3\NameSp3.vcxproj", "{1D207EB6-70FA-442B-8701-E6019AE5DC1C}"
EndProject
Project("{8BC9CEB8-8B4A-11D0-8D11-00A0C91BC942}") = "Q01-4", "Q01-4\Q01-4.vcxproj", "{962A0243-E395-4AC7-A576-DFACA04818D3}"
EndProject
Project("{8BC9CEB8-8B4A-11D0-8D11-00A0C91BC942}") = "UsingDcl1", "UsingDcl1\UsingDcl1.vcxproj", "{FCFC3AF4-61AC-4DA2-9A5B-ED93F8979481}"
EndProject
Project("{8BC9CEB8-8B4A-11D0-8D11-00A0C91BC942}") = "UsingDcl2", "UsingDcl2\UsingDcl2.vcxproj", "{36751AF4-D33F-4FE2-A48B-F101AE8A8B20}"
EndProject
Project("{8BC9CEB8-8B4A-11D0-8D11-00A0C91BC942}") = "UsingDcl3", "UsingDcl3\UsingDcl3.vcxproj", "{E17C9FF3-A07C-4CC1-A701-F1C59178E20D}"
EndProject
Project("{8BC9CEB8-8B4A-11D0-8D11-00A0C91BC942}") = "NameAlias", "NameAlias\NameAlias.vcxproj", "{559972B3-71A1-403C-A80E-F7A10C0FE77E}"
EndProject
Global
	GlobalSection(SolutionConfigurationPlatforms) = preSolution
		Debug|x64 = Debug|x64
		Debug|x86 = Debug|x86
		Release|x64 = Release|x64
		Release|x86 = Release|x86
	EndGlobalSection
	GlobalSection(ProjectConfigurationPlatforms) = postSolution
		{B98489D3-C3C8-46FB-825A-CBA93F1DB4AF}.Debug|x64.ActiveCfg = Debug|x64
		{B98489D3-C3C8-46FB-825A-CBA93F1DB4AF}.Debug|x64.Build.0 = Debug|x64
		{B98489D3-C3C8-46FB-825A-CBA93F1DB4AF}.Debug|x86.ActiveCfg = Debug|Win32
		{B98489D3-C3C8-46FB-825A-CBA93F1DB4AF}.Debug|x86.Build.0 = Debug|Win32
		{B98489D3-C3C8-46FB-825A-CBA93F1DB4AF}.Release|x64.ActiveCfg = Release|x64
		{B98489D3-C3C8-46FB-825A-CBA93F1DB4AF}.Release|x64.Build.0 = Release|x64
		{B98489D3-C3C8-46FB-825A-CBA93F1DB4AF}.Release|x86.ActiveCfg = Release|Win32
		{B98489D3-C3C8-46FB-825A-CBA93F1DB4AF}.Release|x86.Build.0 = Release|Win32
		{3D536F5D-E11E-4653-8E8D-19BBAC0F378A}.Debug|x64.ActiveCfg = Debug|x64
		{3D536F5D-E11E-4653-8E8D-19BBAC0F378A}.Debug|x64.Build.0 = Debug|x64
		{3D536F5D-E11E-4653-8E8D-19BBAC0F378A}.Debug|x86.ActiveCfg = Debug|Win32
		{3D536F5D-E11E-4653-8E8D-19BBAC0F378A}.Debug|x86.Build.0 = Debug|Win32
		{3D536F5D-E11E-4653-8E8D-19BBAC0F378A}.Release|x64.ActiveCfg = Release|x64
		{3D536F5D-E11E-4653-8E8D-19BBAC0F378A}.Release|x64.Build.0 = Release|x64
		{3D536F5D-E11E-4653-8E8D-19BBAC0F378A}.Release|x86.ActiveCfg = Release|Win32
		{3D536F5D-E11E-4653-8E8D-19BBAC0F378A}.Release|x86.Build.0 = Release|Win32
		{36D4CF4A-6761-4CC1-B048-CE755CE9B636}.Debug|x64.ActiveCfg = Debug|x64
		{36D4CF4A-6761-4CC1-B048-CE755CE9B636}.Debug|x64.Build.0 = Debug|x64
		{36D4CF4A-6761-4CC1-B048-CE755CE9B636}.Debug|x86.ActiveCfg = Debug|Win32
		{36D4CF4A-6761-4CC1-B048-CE755CE9B636}.Debug|x86.Build.0 = Debug|Win32
		{36D4CF4A-6761-4CC1-B048-CE755CE9B636}.Release|x64.ActiveCfg = Release|x64
		{36D4CF4A-6761-4CC1-B048-CE755CE9B636}.Release|x64.Build.0 = Release|x64
		{36D4CF4A-6761-4CC1-B048-CE755CE9B636}.Release|x86.ActiveCfg = Release|Win32
		{36D4CF4A-6761-4CC1-B048-CE755CE9B636}.Release|x86.Build.0 = Release|Win32
		{083AF262-57F1-48A9-9F43-6DC5112953F9}.Debug|x64.ActiveCfg = Debug|x64
		{083AF262-57F1-48A9-9F43-6DC5112953F9}.Debug|x64.Build.0 = Debug|x64
		{083AF262-57F1-48A9-9F43-6DC5112953F9}.Debug|x86.ActiveCfg = Debug|Win32
		{083AF262-57F1-48A9-9F43-6DC5112953F9}.Debug|x86.Build.0 = Debug|Win32
		{083AF262-57F1-48A9-9F43-6DC5112953F9}.Release|x64.ActiveCfg = Release|x64
		{083AF262-57F1-48A9-9F43-6DC5112953F9}.Release|x64.Build.0 = Release|x64
		{083AF262-57F1-48A9-9F43-6DC5112953F9}.Release|x86.ActiveCfg = Release|Win32
		{083AF262-57F1-48A9-9F43-6DC5112953F9}.Release|x86.Build.0 = Release|Win32
		{0BDD44F1-5B71-4ADC-82A8-BF4840A60E4A}.Debug|x64.ActiveCfg = Debug|x64
		{0BDD44F1-5B71-4ADC-82A8-BF4840A60E4A}.Debug|x64.Build.0 = Debug|x64
		{0BDD44F1-5B71-4ADC-82A8-BF4840A60E4A}.Debug|x86.ActiveCfg = Debug|Win32
		{0BDD44F1-5B71-4ADC-82A8-BF4840A60E4A}.Debug|x86.Build.0 = Debug|Win32
		{0BDD44F1-5B71-4ADC-82A8-BF4840A60E4A}.Release|x64.ActiveCfg = Release|x64
		{0BDD44F1-5B71-4ADC-82A8-BF4840A60E4A}.Release|x64.Build.0 = Release|x64
		{0BDD44F1-5B71-4ADC-82A8-BF4840A60E4A}.Release|x86.ActiveCfg = Release|Win32
		{0BDD44F1-5B71-4ADC-82A8-BF4840A60E4A}.Release|x86.Build.0 = Release|Win32
		{17C184E2-BFA5-44D6-884C-C015E48BBD2B}.Debug|x64.ActiveCfg = Debug|x64
		{17C184E2-BFA5-44D6-884C-C015E48BBD2B}.Debug|x64.Build.0 = Debug|x64
		{17C184E2-BFA5-44D6-884C-C015E48BBD2B}.Debug|x86.ActiveCfg = Debug|Win32
		{17C184E2-BFA5-44D6-884C-C015E48BBD2B}.Debug|x86.Build.0 = Debug|Win32
		{17C184E2-BFA5-44D6-884C-C015E48BBD2B}.Release|x64.ActiveCfg = Release|x64
		{17C184E2-BFA5-44D6-884C-C015E48BBD2B}.Release|x64.Build.0 = Release|x64
		{17C184E2-BFA5-44D6-884C-C015E48BBD2B}.Release|x86.ActiveCfg = Release|Win32
		{17C184E2-BFA5-44D6-884C-C015E48BBD2B}.Release|x86.Build.0 = Release|Win32
		{FFAE3D42-10AB-4710-A8C8-11BAC1DEDFBE}.Debug|x64.ActiveCfg = Debug|x64
		{FFAE3D42-10AB-4710-A8C8-11BAC1DEDFBE}.Debug|x64.Build.0 = Debug|x64
		{FFAE3D42-10AB-4710-A8C8-11BAC1DEDFBE}.Debug|x86.ActiveCfg = Debug|Win32
		{FFAE3D42-10AB-4710-A8C8-11BAC1DEDFBE}.Debug|x86.Build.0 = Debug|Win32
		{FFAE3D42-10AB-4710-A8C8-11BAC1DEDFBE}.Release|x64.ActiveCfg = Release|x64
		{FFAE3D42-10AB-4710-A8C8-11BAC1DEDFBE}.Release|x64.Build.0 = Release|x64
		{FFAE3D42-10AB-4710-A8C8-11BAC1DEDFBE}.Release|x86.ActiveCfg = Release|Win32
		{FFAE3D42-10AB-4710-A8C8-11BAC1DEDFBE}.Release|x86.Build.0 = Release|Win32
		{D59074C3-494B-4341-BA33-E78775CA1D17}.Debug|x64.ActiveCfg = Debug|x64
		{D59074C3-494B-4341-BA33-E78775CA1D17}.Debug|x64.Build.0 = Debug|x64
		{D59074C3-494B-4341-BA33-E78775CA1D17}.Debug|x86.ActiveCfg = Debug|Win32
		{D59074C3-494B-4341-BA33-E78775CA1D17}.Debug|x86.Build.0 = Debug|Win32
		{D59074C3-494B-4341-BA33-E78775CA1D17}.Release|x64.ActiveCfg = Release|x64
		{D59074C3-494B-4341-BA33-E78775CA1D17}.Release|x64.Build.0 = Release|x64
		{D59074C3-494B-4341-BA33-E78775CA1D17}.Release|x86.ActiveCfg = Release|Win32
		{D59074C3-494B-4341-BA33-E78775CA1D17}.Release|x86.Build.0 = Release|Win32
		{C1CE2D43-A4C8-453B-83AA-81EC543DA0BD}.Debug|x64.ActiveCfg = Debug|x64
		{C1CE2D43-A4C8-453B-83AA-81EC543DA0BD}.Debug|x64.Build.0 = Debug|x64
		{C1CE2D43-A4C8-453B-83AA-81EC543DA0BD}.Debug|x86.ActiveCfg = Debug|Win32
		{C1CE2D43-A4C8-453B-83AA-81EC543DA0BD}.Debug|x86.Build.0 = Debug|Win32
		{C1CE2D43-A4C8-453B-83AA-81EC543DA0BD}.Release|x64.ActiveCfg = Release|x64
		{C1CE2D43-A4C8-453B-83AA-81EC543DA0BD}.Release|x64.Build.0 = Release|x64
		{C1CE2D43-A4C8-453B-83AA-81EC543DA0BD}.Release|x86.ActiveCfg = Release|Win32
		{C1CE2D43-A4C8-453B-83AA-81EC543DA0BD}.Release|x86.Build.0 = Release|Win32
		{465D2F08-4769-4AA3-8BA5-C1343DEAEBF6}.Debug|x64.ActiveCfg = Debug|x64
		{465D2F08-4769-4AA3-8BA5-C1343DEAEBF6}.Debug|x64.Build.0 = Debug|x64
		{465D2F08-4769-4AA3-8BA5-C1343DEAEBF6}.Debug|x86.ActiveCfg = Debug|Win32
		{465D2F08-4769-4AA3-8BA5-C1343DEAEBF6}.Debug|x86.Build.0 = Debug|Win32
		{465D2F08-4769-4AA3-8BA5-C1343DEAEBF6}.Release|x64.ActiveCfg = Release|x64
		{465D2F08-4769-4AA3-8BA5-C1343DEAEBF6}.Release|x64.Build.0 = Release|x64
		{465D2F08-4769-4AA3-8BA5-C1343DEAEBF6}.Release|x86.ActiveCfg = Release|Win32
		{465D2F08-4769-4AA3-8BA5-C1343DEAEBF6}.Release|x86.Build.0 = Release|Win32
		{5417D5E9-12E7-4AB2-A19A-343707217C0C}.Debug|x64.ActiveCfg = Debug|x64
		{5417D5E9-12E7-4AB2-A19A-343707217C0C}.Debug|x64.Build.0 = Debug|x64
		{5417D5E9-12E7-4AB2-A19A-343707217C0C}.Debug|x86.ActiveCfg = Debug|Win32
		{5417D5E9-12E7-4AB2-A19A-343707217C0C}.Debug|x86.Build.0 = Debug|Win32
		{5417D5E9-12E7-4AB2-A19A-343707217C0C}.Release|x64.ActiveCfg = Release|x64
		{5417D5E9-12E7-4AB2-A19A-343707217C0C}.Release|x64.Build.0 = Release|x64
		{5417D5E9-12E7-4AB2-A19A-343707217C0C}.Release|x86.ActiveCfg = Release|Win32
		{5417D5E9-12E7-4AB2-A19A-343707217C0C}.Release|x86.Build.0 = Release|Win32
		{F5172685-BB38-4747-9DC1-D4B4498C70CC}.Debug|x64.ActiveCfg = Debug|x64
		{F5172685-BB38-4747-9DC1-D4B4498C70CC}.Debug|x64.Build.0 = Debug|x64
		{F5172685-BB38-4747-9DC1-D4B4498C70CC}.Debug|x86.ActiveCfg = Debug|Win32
		{F5172685-BB38-4747-9DC1-D4B4498C70CC}.Debug|x86.Build.0 = Debug|Win32
		{F5172685-BB38-4747-9DC1-D4B4498C70CC}.Release|x64.ActiveCfg = Release|x64
		{F5172685-BB38-4747-9DC1-D4B4498C70CC}.Release|x64.Build.0 = Release|x64
		{F5172685-BB38-4747-9DC1-D4B4498C70CC}.Release|x86.ActiveCfg = Release|Win32
		{F5172685-BB38-4747-9DC1-D4B4498C70CC}.Release|x86.Build.0 = Release|Win32
		{9807D973-62A2-4A9B-B42E-C9FDEB2EEFBB}.Debug|x64.ActiveCfg = Debug|x64
		{9807D973-62A2-4A9B-B42E-C9FDEB2EEFBB}.Debug|x64.Build.0 = Debug|x64
		{9807D973-62A2-4A9B-B42E-C9FDEB2EEFBB}.Debug|x86.ActiveCfg = Debug|Win32
		{9807D973-62A2-4A9B-B42E-C9FDEB2EEFBB}.Debug|x86.Build.0 = Debug|Win32
		{9807D973-62A2-4A9B-B42E-C9FDEB2EEFBB}.Release|x64.ActiveCfg = Release|x64
		{9807D973-62A2-4A9B-B42E-C9FDEB2EEFBB}.Release|x64.Build.0 = Release|x64
		{9807D973-62A2-4A9B-B42E-C9FDEB2EEFBB}.Release|x86.ActiveCfg = Release|Win32
		{9807D973-62A2-4A9B-B42E-C9FDEB2EEFBB}.Release|x86.Build.0 = Release|Win32
		{AFAA7F60-0EFA-4CEA-9AF1-8B706BFC47AA}.Debug|x64.ActiveCfg = Debug|x64
		{AFAA7F60-0EFA-4CEA-9AF1-8B706BFC47AA}.Debug|x64.Build.0 = Debug|x64
		{AFAA7F60-0EFA-4CEA-9AF1-8B706BFC47AA}.Debug|x86.ActiveCfg = Debug|Win32
		{AFAA7F60-0EFA-4CEA-9AF1-8B706BFC47AA}.Debug|x86.Build.0 = Debug|Win32
		{AFAA7F60-0EFA-4CEA-9AF1-8B706BFC47AA}.Release|x64.ActiveCfg = Release|x64
		{AFAA7F60-0EFA-4CEA-9AF1-8B706BFC47AA}.Release|x64.Build.0 = Release|x64
		{AFAA7F60-0EFA-4CEA-9AF1-8B706BFC47AA}.Release|x86.ActiveCfg = Release|Win32
		{AFAA7F60-0EFA-4CEA-9AF1-8B706BFC47AA}.Release|x86.Build.0 = Release|Win32
		{F019C8BA-223E-49B0-8B95-800B2D1A75C2}.Debug|x64.ActiveCfg = Debug|x64
		{F019C8BA-223E-49B0-8B95-800B2D1A75C2}.Debug|x64.Build.0 = Debug|x64
		{F019C8BA-223E-49B0-8B95-800B2D1A75C2}.Debug|x86.ActiveCfg = Debug|Win32
		{F019C8BA-223E-49B0-8B95-800B2D1A75C2}.Debug|x86.Build.0 = Debug|Win32
		{F019C8BA-223E-49B0-8B95-800B2D1A75C2}.Release|x64.ActiveCfg = Release|x64
		{F019C8BA-223E-49B0-8B95-800B2D1A75C2}.Release|x64.Build.0 = Release|x64
		{F019C8BA-223E-49B0-8B95-800B2D1A75C2}.Release|x86.ActiveCfg = Release|Win32
		{F019C8BA-223E-49B0-8B95-800B2D1A75C2}.Release|x86.Build.0 = Release|Win32
		{826E0306-7940-4236-BFBA-11C2FB37126C}.Debug|x64.ActiveCfg = Debug|x64
		{826E0306-7940-4236-BFBA-11C2FB37126C}.Debug|x64.Build.0 = Debug|x64
		{826E0306-7940-4236-BFBA-11C2FB37126C}.Debug|x86.ActiveCfg = Debug|Win32
		{826E0306-7940-4236-BFBA-11C2FB37126C}.Debug|x86.Build.0 = Debug|Win32
		{826E0306-7940-4236-BFBA-11C2FB37126C}.Release|x64.ActiveCfg = Release|x64
		{826E0306-7940-4236-BFBA-11C2FB37126C}.Release|x64.Build.0 = Release|x64
		{826E0306-7940-4236-BFBA-11C2FB37126C}.Release|x86.ActiveCfg = Release|Win32
		{826E0306-7940-4236-BFBA-11C2FB37126C}.Release|x86.Build.0 = Release|Win32
		{1D207EB6-70FA-442B-8701-E6019AE5DC1C}.Debug|x64.ActiveCfg = Debug|x64
		{1D207EB6-70FA-442B-8701-E6019AE5DC1C}.Debug|x64.Build.0 = Debug|x64
		{1D207EB6-70FA-442B-8701-E6019AE5DC1C}.Debug|x86.ActiveCfg = Debug|Win32
		{1D207EB6-70FA-442B-8701-E6019AE5DC1C}.Debug|x86.Build.0 = Debug|Win32
		{1D207EB6-70FA-442B-8701-E6019AE5DC1C}.Release|x64.ActiveCfg = Release|x64
		{1D207EB6-70FA-442B-8701-E6019AE5DC1C}.Release|x64.Build.0 = Release|x64
		{1D207EB6-70FA-442B-8701-E6019AE5DC1C}.Release|x86.ActiveCfg = Release|Win32
		{1D207EB6-70FA-442B-8701-E6019AE5DC1C}.Release|x86.Build.0 = Release|Win32
		{962A0243-E395-4AC7-A576-DFACA04818D3}.Debug|x64.ActiveCfg = Debug|x64
		{962A0243-E395-4AC7-A576-DFACA04818D3}.Debug|x64.Build.0 = Debug|x64
		{962A0243-E395-4AC7-A576-DFACA04818D3}.Debug|x86.ActiveCfg = Debug|Win32
		{962A0243-E395-4AC7-A576-DFACA04818D3}.Debug|x86.Build.0 = Debug|Win32
		{962A0243-E395-4AC7-A576-DFACA04818D3}.Release|x64.ActiveCfg = Release|x64
		{962A0243-E395-4AC7-A576-DFACA04818D3}.Release|x64.Build.0 = Release|x64
		{962A0243-E395-4AC7-A576-DFACA04818D3}.Release|x86.ActiveCfg = Release|Win32
		{962A0243-E395-4AC7-A576-DFACA04818D3}.Release|x86.Build.0 = Release|Win32
		{FCFC3AF4-61AC-4DA2-9A5B-ED93F8979481}.Debug|x64.ActiveCfg = Debug|x64
		{FCFC3AF4-61AC-4DA2-9A5B-ED93F8979481}.Debug|x64.Build.0 = Debug|x64
		{FCFC3AF4-61AC-4DA2-9A5B-ED93F8979481}.Debug|x86.ActiveCfg = Debug|Win32
		{FCFC3AF4-61AC-4DA2-9A5B-ED93F8979481}.Debug|x86.Build.0 = Debug|Win32
		{FCFC3AF4-61AC-4DA2-9A5B-ED93F8979481}.Release|x64.ActiveCfg = Release|x64
		{FCFC3AF4-61AC-4DA2-9A5B-ED93F8979481}.Release|x64.Build.0 = Release|x64
		{FCFC3AF4-61AC-4DA2-9A5B-ED93F8979481}.Release|x86.ActiveCfg = Release|Win32
		{FCFC3AF4-61AC-4DA2-9A5B-ED93F8979481}.Release|x86.Build.0 = Release|Win32
		{36751AF4-D33F-4FE2-A48B-F101AE8A8B20}.Debug|x64.ActiveCfg = Debug|x64
		{36751AF4-D33F-4FE2-A48B-F101AE8A8B20}.Debug|x64.Build.0 = Debug|x64
		{36751AF4-D33F-4FE2-A48B-F101AE8A8B20}.Debug|x86.ActiveCfg = Debug|Win32
		{36751AF4-D33F-4FE2-A48B-F101AE8A8B20}.Debug|x86.Build.0 = Debug|Win32
		{36751AF4-D33F-4FE2-A48B-F101AE8A8B20}.Release|x64.ActiveCfg = Release|x64
		{36751AF4-D33F-4FE2-A48B-F101AE8A8B20}.Release|x64.Build.0 = Release|x64
		{36751AF4-D33F-4FE2-A48B-F101AE8A8B20}.Release|x86.ActiveCfg = Release|Win32
		{36751AF4-D33F-4FE2-A48B-F101AE8A8B20}.Release|x86.Build.0 = Release|Win32
		{E17C9FF3-A07C-4CC1-A701-F1C59178E20D}.Debug|x64.ActiveCfg = Debug|x64
		{E17C9FF3-A07C-4CC1-A701-F1C59178E20D}.Debug|x64.Build.0 = Debug|x64
		{E17C9FF3-A07C-4CC1-A701-F1C59178E20D}.Debug|x86.ActiveCfg = Debug|Win32
		{E17C9FF3-A07C-4CC1-A701-F1C59178E20D}.Debug|x86.Build.0 = Debug|Win32
		{E17C9FF3-A07C-4CC1-A701-F1C59178E20D}.Release|x64.ActiveCfg = Release|x64
		{E17C9FF3-A07C-4CC1-A701-F1C59178E20D}.Release|x64.Build.0 = Release|x64
		{E17C9FF3-A07C-4CC1-A701-F1C59178E20D}.Release|x86.ActiveCfg = Release|Win32
		{E17C9FF3-A07C-4CC1-A701-F1C59178E20D}.Release|x86.Build.0 = Release|Win32
		{559972B3-71A1-403C-A80E-F7A10C0FE77E}.Debug|x64.ActiveCfg = Debug|x64
		{559972B3-71A1-403C-A80E-F7A10C0FE77E}.Debug|x64.Build.0 = Debug|x64
		{559972B3-71A1-403C-A80E-F7A10C0FE77E}.Debug|x86.ActiveCfg = Debug|Win32
		{559972B3-71A1-403C-A80E-F7A10C0FE77E}.Debug|x86.Build.0 = Debug|Win32
		{559972B3-71A1-403C-A80E-F7A10C0FE77E}.Release|x64.ActiveCfg = Release|x64
		{559972B3-71A1-403C-A80E-F7A10C0FE77E}.Release|x64.Build.0 = Release|x64
		{559972B3-71A1-403C-A80E-F7A10C0FE77E}.Release|x86.ActiveCfg = Release|Win32
		{559972B3-71A1-403C-A80E-F7A10C0FE77E}.Release|x86.Build.0 = Release|Win32
	EndGlobalSection
	GlobalSection(SolutionProperties) = preSolution
		HideSolutionNode = FALSE
	EndGlobalSection
	GlobalSection(ExtensibilityGlobals) = postSolution
		SolutionGuid = {764A0E20-FDDD-47C1-9FEA-F2014B9B1561}
	EndGlobalSection
EndGlobal
