
Microsoft Visual Studio Solution File, Format Version 12.00
# Visual Studio 15
VisualStudioVersion = 15.0.28010.2048
MinimumVisualStudioVersion = 10.0.40219.1
Project("{8BC9CEB8-8B4A-11D0-8D11-00A0C91BC942}") = "Ch03", "Ch03\Ch03.vcxproj", "{37782C00-E577-41F8-8EF0-B0FDAD5E756B}"
EndProject
Project("{8BC9CEB8-8B4A-11D0-8D11-00A0C91BC942}") = "RacingCar", "RacingCar\RacingCar.vcxproj", "{12B6F6D9-4121-4D5E-91B3-357334684BD8}"
EndProject
Project("{8BC9CEB8-8B4A-11D0-8D11-00A0C91BC942}") = "RacingCarFuncAdd", "RacingCarFuncAdd\RacingCarFuncAdd.vcxproj", "{D2511B4E-3FEB-448C-B534-3D01D7D0C871}"
EndProject
Project("{8BC9CEB8-8B4A-11D0-8D11-00A0C91BC942}") = "RacingCarEnum", "RacingCarEnum\RacingCarEnum.vcxproj", "{7AB5F5CC-3157-47A9-96B5-119BCD39052A}"
EndProject
Project("{8BC9CEB8-8B4A-11D0-8D11-00A0C91BC942}") = "RacingCarOuterFunc", "RacingCarOuterFunc\RacingCarOuterFunc.vcxproj", "{AD1ED31D-1BBA-4F6F-8D86-A3EEFED18BCB}"
EndProject
Project("{8BC9CEB8-8B4A-11D0-8D11-00A0C91BC942}") = "RacingCarClassBase", "RacingCarClassBase\RacingCarClassBase.vcxproj", "{61AF8203-010B-4674-841A-CB2EFD291AF7}"
EndProject
Project("{8BC9CEB8-8B4A-11D0-8D11-00A0C91BC942}") = "Car", "Car\Car.vcxproj", "{85B40DAE-BE5C-4ECC-BCB2-7297E514C1D3}"
EndProject
Project("{8BC9CEB8-8B4A-11D0-8D11-00A0C91BC942}") = "CarInline", "CarInline\CarInline.vcxproj", "{367482B2-7F47-4247-8778-36186F713079}"
EndProject
Project("{8BC9CEB8-8B4A-11D0-8D11-00A0C91BC942}") = "Q03-2_1", "Q03-2_1\Q03-2_1.vcxproj", "{81791FE2-4ED2-4F08-929D-074BB716DC1E}"
EndProject
Project("{8BC9CEB8-8B4A-11D0-8D11-00A0C91BC942}") = "Q3-2_2", "Q3-2_2\Q3-2_2.vcxproj", "{574D85AD-A802-4619-8485-9B130C616E7A}"
EndProject
Project("{8BC9CEB8-8B4A-11D0-8D11-00A0C91BC942}") = "Q03-1", "Q03-1\Q03-1.vcxproj", "{AFD2AB61-42D4-48C5-9402-0B64248FFEA0}"
EndProject
Project("{8BC9CEB8-8B4A-11D0-8D11-00A0C91BC942}") = "FruitSaleSim1", "FruitSaleSim1\FruitSaleSim1.vcxproj", "{0C72BAD3-8D8F-4F3E-9600-20711AC02F51}"
EndProject
Global
	GlobalSection(SolutionConfigurationPlatforms) = preSolution
		Debug|x64 = Debug|x64
		Debug|x86 = Debug|x86
		Release|x64 = Release|x64
		Release|x86 = Release|x86
	EndGlobalSection
	GlobalSection(ProjectConfigurationPlatforms) = postSolution
		{37782C00-E577-41F8-8EF0-B0FDAD5E756B}.Debug|x64.ActiveCfg = Debug|x64
		{37782C00-E577-41F8-8EF0-B0FDAD5E756B}.Debug|x64.Build.0 = Debug|x64
		{37782C00-E577-41F8-8EF0-B0FDAD5E756B}.Debug|x86.ActiveCfg = Debug|Win32
		{37782C00-E577-41F8-8EF0-B0FDAD5E756B}.Debug|x86.Build.0 = Debug|Win32
		{37782C00-E577-41F8-8EF0-B0FDAD5E756B}.Release|x64.ActiveCfg = Release|x64
		{37782C00-E577-41F8-8EF0-B0FDAD5E756B}.Release|x64.Build.0 = Release|x64
		{37782C00-E577-41F8-8EF0-B0FDAD5E756B}.Release|x86.ActiveCfg = Release|Win32
		{37782C00-E577-41F8-8EF0-B0FDAD5E756B}.Release|x86.Build.0 = Release|Win32
		{12B6F6D9-4121-4D5E-91B3-357334684BD8}.Debug|x64.ActiveCfg = Debug|x64
		{12B6F6D9-4121-4D5E-91B3-357334684BD8}.Debug|x64.Build.0 = Debug|x64
		{12B6F6D9-4121-4D5E-91B3-357334684BD8}.Debug|x86.ActiveCfg = Debug|Win32
		{12B6F6D9-4121-4D5E-91B3-357334684BD8}.Debug|x86.Build.0 = Debug|Win32
		{12B6F6D9-4121-4D5E-91B3-357334684BD8}.Release|x64.ActiveCfg = Release|x64
		{12B6F6D9-4121-4D5E-91B3-357334684BD8}.Release|x64.Build.0 = Release|x64
		{12B6F6D9-4121-4D5E-91B3-357334684BD8}.Release|x86.ActiveCfg = Release|Win32
		{12B6F6D9-4121-4D5E-91B3-357334684BD8}.Release|x86.Build.0 = Release|Win32
		{D2511B4E-3FEB-448C-B534-3D01D7D0C871}.Debug|x64.ActiveCfg = Debug|x64
		{D2511B4E-3FEB-448C-B534-3D01D7D0C871}.Debug|x64.Build.0 = Debug|x64
		{D2511B4E-3FEB-448C-B534-3D01D7D0C871}.Debug|x86.ActiveCfg = Debug|Win32
		{D2511B4E-3FEB-448C-B534-3D01D7D0C871}.Debug|x86.Build.0 = Debug|Win32
		{D2511B4E-3FEB-448C-B534-3D01D7D0C871}.Release|x64.ActiveCfg = Release|x64
		{D2511B4E-3FEB-448C-B534-3D01D7D0C871}.Release|x64.Build.0 = Release|x64
		{D2511B4E-3FEB-448C-B534-3D01D7D0C871}.Release|x86.ActiveCfg = Release|Win32
		{D2511B4E-3FEB-448C-B534-3D01D7D0C871}.Release|x86.Build.0 = Release|Win32
		{7AB5F5CC-3157-47A9-96B5-119BCD39052A}.Debug|x64.ActiveCfg = Debug|x64
		{7AB5F5CC-3157-47A9-96B5-119BCD39052A}.Debug|x64.Build.0 = Debug|x64
		{7AB5F5CC-3157-47A9-96B5-119BCD39052A}.Debug|x86.ActiveCfg = Debug|Win32
		{7AB5F5CC-3157-47A9-96B5-119BCD39052A}.Debug|x86.Build.0 = Debug|Win32
		{7AB5F5CC-3157-47A9-96B5-119BCD39052A}.Release|x64.ActiveCfg = Release|x64
		{7AB5F5CC-3157-47A9-96B5-119BCD39052A}.Release|x64.Build.0 = Release|x64
		{7AB5F5CC-3157-47A9-96B5-119BCD39052A}.Release|x86.ActiveCfg = Release|Win32
		{7AB5F5CC-3157-47A9-96B5-119BCD39052A}.Release|x86.Build.0 = Release|Win32
		{AD1ED31D-1BBA-4F6F-8D86-A3EEFED18BCB}.Debug|x64.ActiveCfg = Debug|x64
		{AD1ED31D-1BBA-4F6F-8D86-A3EEFED18BCB}.Debug|x64.Build.0 = Debug|x64
		{AD1ED31D-1BBA-4F6F-8D86-A3EEFED18BCB}.Debug|x86.ActiveCfg = Debug|Win32
		{AD1ED31D-1BBA-4F6F-8D86-A3EEFED18BCB}.Debug|x86.Build.0 = Debug|Win32
		{AD1ED31D-1BBA-4F6F-8D86-A3EEFED18BCB}.Release|x64.ActiveCfg = Release|x64
		{AD1ED31D-1BBA-4F6F-8D86-A3EEFED18BCB}.Release|x64.Build.0 = Release|x64
		{AD1ED31D-1BBA-4F6F-8D86-A3EEFED18BCB}.Release|x86.ActiveCfg = Release|Win32
		{AD1ED31D-1BBA-4F6F-8D86-A3EEFED18BCB}.Release|x86.Build.0 = Release|Win32
		{61AF8203-010B-4674-841A-CB2EFD291AF7}.Debug|x64.ActiveCfg = Debug|x64
		{61AF8203-010B-4674-841A-CB2EFD291AF7}.Debug|x64.Build.0 = Debug|x64
		{61AF8203-010B-4674-841A-CB2EFD291AF7}.Debug|x86.ActiveCfg = Debug|Win32
		{61AF8203-010B-4674-841A-CB2EFD291AF7}.Debug|x86.Build.0 = Debug|Win32
		{61AF8203-010B-4674-841A-CB2EFD291AF7}.Release|x64.ActiveCfg = Release|x64
		{61AF8203-010B-4674-841A-CB2EFD291AF7}.Release|x64.Build.0 = Release|x64
		{61AF8203-010B-4674-841A-CB2EFD291AF7}.Release|x86.ActiveCfg = Release|Win32
		{61AF8203-010B-4674-841A-CB2EFD291AF7}.Release|x86.Build.0 = Release|Win32
		{85B40DAE-BE5C-4ECC-BCB2-7297E514C1D3}.Debug|x64.ActiveCfg = Debug|x64
		{85B40DAE-BE5C-4ECC-BCB2-7297E514C1D3}.Debug|x64.Build.0 = Debug|x64
		{85B40DAE-BE5C-4ECC-BCB2-7297E514C1D3}.Debug|x86.ActiveCfg = Debug|Win32
		{85B40DAE-BE5C-4ECC-BCB2-7297E514C1D3}.Debug|x86.Build.0 = Debug|Win32
		{85B40DAE-BE5C-4ECC-BCB2-7297E514C1D3}.Release|x64.ActiveCfg = Release|x64
		{85B40DAE-BE5C-4ECC-BCB2-7297E514C1D3}.Release|x64.Build.0 = Release|x64
		{85B40DAE-BE5C-4ECC-BCB2-7297E514C1D3}.Release|x86.ActiveCfg = Release|Win32
		{85B40DAE-BE5C-4ECC-BCB2-7297E514C1D3}.Release|x86.Build.0 = Release|Win32
		{367482B2-7F47-4247-8778-36186F713079}.Debug|x64.ActiveCfg = Debug|x64
		{367482B2-7F47-4247-8778-36186F713079}.Debug|x64.Build.0 = Debug|x64
		{367482B2-7F47-4247-8778-36186F713079}.Debug|x86.ActiveCfg = Debug|Win32
		{367482B2-7F47-4247-8778-36186F713079}.Debug|x86.Build.0 = Debug|Win32
		{367482B2-7F47-4247-8778-36186F713079}.Release|x64.ActiveCfg = Release|x64
		{367482B2-7F47-4247-8778-36186F713079}.Release|x64.Build.0 = Release|x64
		{367482B2-7F47-4247-8778-36186F713079}.Release|x86.ActiveCfg = Release|Win32
		{367482B2-7F47-4247-8778-36186F713079}.Release|x86.Build.0 = Release|Win32
		{81791FE2-4ED2-4F08-929D-074BB716DC1E}.Debug|x64.ActiveCfg = Debug|x64
		{81791FE2-4ED2-4F08-929D-074BB716DC1E}.Debug|x64.Build.0 = Debug|x64
		{81791FE2-4ED2-4F08-929D-074BB716DC1E}.Debug|x86.ActiveCfg = Debug|Win32
		{81791FE2-4ED2-4F08-929D-074BB716DC1E}.Debug|x86.Build.0 = Debug|Win32
		{81791FE2-4ED2-4F08-929D-074BB716DC1E}.Release|x64.ActiveCfg = Release|x64
		{81791FE2-4ED2-4F08-929D-074BB716DC1E}.Release|x64.Build.0 = Release|x64
		{81791FE2-4ED2-4F08-929D-074BB716DC1E}.Release|x86.ActiveCfg = Release|Win32
		{81791FE2-4ED2-4F08-929D-074BB716DC1E}.Release|x86.Build.0 = Release|Win32
		{574D85AD-A802-4619-8485-9B130C616E7A}.Debug|x64.ActiveCfg = Debug|x64
		{574D85AD-A802-4619-8485-9B130C616E7A}.Debug|x64.Build.0 = Debug|x64
		{574D85AD-A802-4619-8485-9B130C616E7A}.Debug|x86.ActiveCfg = Debug|Win32
		{574D85AD-A802-4619-8485-9B130C616E7A}.Debug|x86.Build.0 = Debug|Win32
		{574D85AD-A802-4619-8485-9B130C616E7A}.Release|x64.ActiveCfg = Release|x64
		{574D85AD-A802-4619-8485-9B130C616E7A}.Release|x64.Build.0 = Release|x64
		{574D85AD-A802-4619-8485-9B130C616E7A}.Release|x86.ActiveCfg = Release|Win32
		{574D85AD-A802-4619-8485-9B130C616E7A}.Release|x86.Build.0 = Release|Win32
		{AFD2AB61-42D4-48C5-9402-0B64248FFEA0}.Debug|x64.ActiveCfg = Debug|x64
		{AFD2AB61-42D4-48C5-9402-0B64248FFEA0}.Debug|x64.Build.0 = Debug|x64
		{AFD2AB61-42D4-48C5-9402-0B64248FFEA0}.Debug|x86.ActiveCfg = Debug|Win32
		{AFD2AB61-42D4-48C5-9402-0B64248FFEA0}.Debug|x86.Build.0 = Debug|Win32
		{AFD2AB61-42D4-48C5-9402-0B64248FFEA0}.Release|x64.ActiveCfg = Release|x64
		{AFD2AB61-42D4-48C5-9402-0B64248FFEA0}.Release|x64.Build.0 = Release|x64
		{AFD2AB61-42D4-48C5-9402-0B64248FFEA0}.Release|x86.ActiveCfg = Release|Win32
		{AFD2AB61-42D4-48C5-9402-0B64248FFEA0}.Release|x86.Build.0 = Release|Win32
		{0C72BAD3-8D8F-4F3E-9600-20711AC02F51}.Debug|x64.ActiveCfg = Debug|x64
		{0C72BAD3-8D8F-4F3E-9600-20711AC02F51}.Debug|x64.Build.0 = Debug|x64
		{0C72BAD3-8D8F-4F3E-9600-20711AC02F51}.Debug|x86.ActiveCfg = Debug|Win32
		{0C72BAD3-8D8F-4F3E-9600-20711AC02F51}.Debug|x86.Build.0 = Debug|Win32
		{0C72BAD3-8D8F-4F3E-9600-20711AC02F51}.Release|x64.ActiveCfg = Release|x64
		{0C72BAD3-8D8F-4F3E-9600-20711AC02F51}.Release|x64.Build.0 = Release|x64
		{0C72BAD3-8D8F-4F3E-9600-20711AC02F51}.Release|x86.ActiveCfg = Release|Win32
		{0C72BAD3-8D8F-4F3E-9600-20711AC02F51}.Release|x86.Build.0 = Release|Win32
	EndGlobalSection
	GlobalSection(SolutionProperties) = preSolution
		HideSolutionNode = FALSE
	EndGlobalSection
	GlobalSection(ExtensibilityGlobals) = postSolution
		SolutionGuid = {7C45A491-07BF-4005-BD6E-DDF4D831238D}
	EndGlobalSection
EndGlobal
