
Microsoft Visual Studio Solution File, Format Version 12.00
# Visual Studio 15
VisualStudioVersion = 15.0.28010.2050
MinimumVisualStudioVersion = 10.0.40219.1
Project("{8BC9CEB8-8B4A-11D0-8D11-00A0C91BC942}") = "Ch04", "Ch04\Ch04.vcxproj", "{6193A2C8-3533-4B54-A59C-5EF2F9C2C4C0}"
EndProject
Project("{8BC9CEB8-8B4A-11D0-8D11-00A0C91BC942}") = "RectangleFault", "RectangleFault\RectangleFault.vcxproj", "{F51900B1-B187-419C-8291-85EFCDBF9DB0}"
EndProject
Project("{8BC9CEB8-8B4A-11D0-8D11-00A0C91BC942}") = "Point", "Point\Point.vcxproj", "{A33557F5-A22B-4157-9AB4-FF30DA9F736E}"
EndProject
Global
	GlobalSection(SolutionConfigurationPlatforms) = preSolution
		Debug|x64 = Debug|x64
		Debug|x86 = Debug|x86
		Release|x64 = Release|x64
		Release|x86 = Release|x86
	EndGlobalSection
	GlobalSection(ProjectConfigurationPlatforms) = postSolution
		{6193A2C8-3533-4B54-A59C-5EF2F9C2C4C0}.Debug|x64.ActiveCfg = Debug|x64
		{6193A2C8-3533-4B54-A59C-5EF2F9C2C4C0}.Debug|x64.Build.0 = Debug|x64
		{6193A2C8-3533-4B54-A59C-5EF2F9C2C4C0}.Debug|x86.ActiveCfg = Debug|Win32
		{6193A2C8-3533-4B54-A59C-5EF2F9C2C4C0}.Debug|x86.Build.0 = Debug|Win32
		{6193A2C8-3533-4B54-A59C-5EF2F9C2C4C0}.Release|x64.ActiveCfg = Release|x64
		{6193A2C8-3533-4B54-A59C-5EF2F9C2C4C0}.Release|x64.Build.0 = Release|x64
		{6193A2C8-3533-4B54-A59C-5EF2F9C2C4C0}.Release|x86.ActiveCfg = Release|Win32
		{6193A2C8-3533-4B54-A59C-5EF2F9C2C4C0}.Release|x86.Build.0 = Release|Win32
		{F51900B1-B187-419C-8291-85EFCDBF9DB0}.Debug|x64.ActiveCfg = Debug|x64
		{F51900B1-B187-419C-8291-85EFCDBF9DB0}.Debug|x64.Build.0 = Debug|x64
		{F51900B1-B187-419C-8291-85EFCDBF9DB0}.Debug|x86.ActiveCfg = Debug|Win32
		{F51900B1-B187-419C-8291-85EFCDBF9DB0}.Debug|x86.Build.0 = Debug|Win32
		{F51900B1-B187-419C-8291-85EFCDBF9DB0}.Release|x64.ActiveCfg = Release|x64
		{F51900B1-B187-419C-8291-85EFCDBF9DB0}.Release|x64.Build.0 = Release|x64
		{F51900B1-B187-419C-8291-85EFCDBF9DB0}.Release|x86.ActiveCfg = Release|Win32
		{F51900B1-B187-419C-8291-85EFCDBF9DB0}.Release|x86.Build.0 = Release|Win32
		{A33557F5-A22B-4157-9AB4-FF30DA9F736E}.Debug|x64.ActiveCfg = Debug|x64
		{A33557F5-A22B-4157-9AB4-FF30DA9F736E}.Debug|x64.Build.0 = Debug|x64
		{A33557F5-A22B-4157-9AB4-FF30DA9F736E}.Debug|x86.ActiveCfg = Debug|Win32
		{A33557F5-A22B-4157-9AB4-FF30DA9F736E}.Debug|x86.Build.0 = Debug|Win32
		{A33557F5-A22B-4157-9AB4-FF30DA9F736E}.Release|x64.ActiveCfg = Release|x64
		{A33557F5-A22B-4157-9AB4-FF30DA9F736E}.Release|x64.Build.0 = Release|x64
		{A33557F5-A22B-4157-9AB4-FF30DA9F736E}.Release|x86.ActiveCfg = Release|Win32
		{A33557F5-A22B-4157-9AB4-FF30DA9F736E}.Release|x86.Build.0 = Release|Win32
	EndGlobalSection
	GlobalSection(SolutionProperties) = preSolution
		HideSolutionNode = FALSE
	EndGlobalSection
	GlobalSection(ExtensibilityGlobals) = postSolution
		SolutionGuid = {D4480DB4-A113-4F76-8FBF-7EBDA3F29DA7}
	EndGlobalSection
EndGlobal
