
Microsoft Visual Studio Solution File, Format Version 12.00
# Visual Studio 15
VisualStudioVersion = 15.0.28010.2050
MinimumVisualStudioVersion = 10.0.40219.1
Project("{8BC9CEB8-8B4A-11D0-8D11-00A0C91BC942}") = "Ch04", "Ch04\Ch04.vcxproj", "{6193A2C8-3533-4B54-A59C-5EF2F9C2C4C0}"
EndProject
Project("{8BC9CEB8-8B4A-11D0-8D11-00A0C91BC942}") = "RectangleFault", "RectangleFault\RectangleFault.vcxproj", "{F51900B1-B187-419C-8291-85EFCDBF9DB0}"
EndProject
Project("{8BC9CEB8-8B4A-11D0-8D11-00A0C91BC942}") = "Point", "Point\Point.vcxproj", "{A33557F5-A22B-4157-9AB4-FF30DA9F736E}"
EndProject
Project("{8BC9CEB8-8B4A-11D0-8D11-00A0C91BC942}") = "Q04-1", "Q04-1\Q04-1.vcxproj", "{CC2AB036-C3A5-476C-A8C1-4024A8B05A1B}"
EndProject
Project("{8BC9CEB8-8B4A-11D0-8D11-00A0C91BC942}") = "Escaps1", "Escaps1\Escaps1.vcxproj", "{125BB9A0-E203-4609-888D-3B35FD781319}"
EndProject
Project("{8BC9CEB8-8B4A-11D0-8D11-00A0C91BC942}") = "Escaps2", "Escaps2\Escaps2.vcxproj", "{975795E4-CA5D-40F3-9D51-A3F1BD6C80E5}"
EndProject
Project("{8BC9CEB8-8B4A-11D0-8D11-00A0C91BC942}") = "Q04-2", "Q04-2\Q04-2.vcxproj", "{416501ED-C51F-4B2A-9B7F-7818749FC78E}"
EndProject
Project("{8BC9CEB8-8B4A-11D0-8D11-00A0C91BC942}") = "Constructor1", "Constructor1\Constructor1.vcxproj", "{962899EB-305A-4B94-9F3E-295775466E0E}"
EndProject
Project("{8BC9CEB8-8B4A-11D0-8D11-00A0C91BC942}") = "Constructor2", "Constructor2\Constructor2.vcxproj", "{6FDABD98-427D-4532-BF81-92A0C25BBB4C}"
EndProject
Project("{8BC9CEB8-8B4A-11D0-8D11-00A0C91BC942}") = "FruitSaleSim2", "FruitSaleSim2\FruitSaleSim2.vcxproj", "{C8785C60-5E00-4AAF-B7A0-E72A274FFB01}"
EndProject
Project("{8BC9CEB8-8B4A-11D0-8D11-00A0C91BC942}") = "FruiteSaleSim3", "FruiteSaleSim3\FruiteSaleSim3.vcxproj", "{69553C29-016A-4916-B94C-484A4EEB9D4E}"
EndProject
Project("{8BC9CEB8-8B4A-11D0-8D11-00A0C91BC942}") = "ReferenceMember", "ReferenceMember\ReferenceMember.vcxproj", "{BAB79E11-9B64-48C5-A202-6D01AE09BB58}"
EndProject
Project("{8BC9CEB8-8B4A-11D0-8D11-00A0C91BC942}") = "PrivateConstructor", "PrivateConstructor\PrivateConstructor.vcxproj", "{CFDDC338-5A54-4031-81B2-A822262D6D6B}"
EndProject
Project("{8BC9CEB8-8B4A-11D0-8D11-00A0C91BC942}") = "Destructor", "Destructor\Destructor.vcxproj", "{3CA8E1A6-015D-4AB9-A7BB-A8C12E0D0B52}"
EndProject
Project("{8BC9CEB8-8B4A-11D0-8D11-00A0C91BC942}") = "Q04-3", "Q04-3\Q04-3.vcxproj", "{6D9EE4F9-1115-433C-8290-4736426E98D2}"
EndProject
Project("{8BC9CEB8-8B4A-11D0-8D11-00A0C91BC942}") = "Q04-3_NameCard", "Q04-3_NameCard\Q04-3_NameCard.vcxproj", "{29CE4FE3-DAC1-4475-8F01-65C55D1CFB1D}"
EndProject
Project("{8BC9CEB8-8B4A-11D0-8D11-00A0C91BC942}") = "ObjArr", "ObjArr\ObjArr.vcxproj", "{B6A93103-8840-4A7B-9C52-B1CC52EB51BD}"
EndProject
Project("{8BC9CEB8-8B4A-11D0-8D11-00A0C91BC942}") = "ObjPtrArr", "ObjPtrArr\ObjPtrArr.vcxproj", "{B4D7D22F-2989-4056-8033-141E44319788}"
EndProject
Project("{8BC9CEB8-8B4A-11D0-8D11-00A0C91BC942}") = "PointerThis", "PointerThis\PointerThis.vcxproj", "{04A87669-FCB7-4FAB-902C-24B304D1AA22}"
EndProject
Project("{8BC9CEB8-8B4A-11D0-8D11-00A0C91BC942}") = "UsefulThisPtr", "UsefulThisPtr\UsefulThisPtr.vcxproj", "{85F16A92-790F-4810-96F3-BE04D134121E}"
EndProject
Project("{8BC9CEB8-8B4A-11D0-8D11-00A0C91BC942}") = "SelfRef", "SelfRef\SelfRef.vcxproj", "{73C0927A-AF8B-4C7A-AB01-FD206EE3050F}"
EndProject
Global
	GlobalSection(SolutionConfigurationPlatforms) = preSolution
		Debug|x64 = Debug|x64
		Debug|x86 = Debug|x86
		Release|x64 = Release|x64
		Release|x86 = Release|x86
	EndGlobalSection
	GlobalSection(ProjectConfigurationPlatforms) = postSolution
		{6193A2C8-3533-4B54-A59C-5EF2F9C2C4C0}.Debug|x64.ActiveCfg = Debug|x64
		{6193A2C8-3533-4B54-A59C-5EF2F9C2C4C0}.Debug|x64.Build.0 = Debug|x64
		{6193A2C8-3533-4B54-A59C-5EF2F9C2C4C0}.Debug|x86.ActiveCfg = Debug|Win32
		{6193A2C8-3533-4B54-A59C-5EF2F9C2C4C0}.Debug|x86.Build.0 = Debug|Win32
		{6193A2C8-3533-4B54-A59C-5EF2F9C2C4C0}.Release|x64.ActiveCfg = Release|x64
		{6193A2C8-3533-4B54-A59C-5EF2F9C2C4C0}.Release|x64.Build.0 = Release|x64
		{6193A2C8-3533-4B54-A59C-5EF2F9C2C4C0}.Release|x86.ActiveCfg = Release|Win32
		{6193A2C8-3533-4B54-A59C-5EF2F9C2C4C0}.Release|x86.Build.0 = Release|Win32
		{F51900B1-B187-419C-8291-85EFCDBF9DB0}.Debug|x64.ActiveCfg = Debug|x64
		{F51900B1-B187-419C-8291-85EFCDBF9DB0}.Debug|x64.Build.0 = Debug|x64
		{F51900B1-B187-419C-8291-85EFCDBF9DB0}.Debug|x86.ActiveCfg = Debug|Win32
		{F51900B1-B187-419C-8291-85EFCDBF9DB0}.Debug|x86.Build.0 = Debug|Win32
		{F51900B1-B187-419C-8291-85EFCDBF9DB0}.Release|x64.ActiveCfg = Release|x64
		{F51900B1-B187-419C-8291-85EFCDBF9DB0}.Release|x64.Build.0 = Release|x64
		{F51900B1-B187-419C-8291-85EFCDBF9DB0}.Release|x86.ActiveCfg = Release|Win32
		{F51900B1-B187-419C-8291-85EFCDBF9DB0}.Release|x86.Build.0 = Release|Win32
		{A33557F5-A22B-4157-9AB4-FF30DA9F736E}.Debug|x64.ActiveCfg = Debug|x64
		{A33557F5-A22B-4157-9AB4-FF30DA9F736E}.Debug|x64.Build.0 = Debug|x64
		{A33557F5-A22B-4157-9AB4-FF30DA9F736E}.Debug|x86.ActiveCfg = Debug|Win32
		{A33557F5-A22B-4157-9AB4-FF30DA9F736E}.Debug|x86.Build.0 = Debug|Win32
		{A33557F5-A22B-4157-9AB4-FF30DA9F736E}.Release|x64.ActiveCfg = Release|x64
		{A33557F5-A22B-4157-9AB4-FF30DA9F736E}.Release|x64.Build.0 = Release|x64
		{A33557F5-A22B-4157-9AB4-FF30DA9F736E}.Release|x86.ActiveCfg = Release|Win32
		{A33557F5-A22B-4157-9AB4-FF30DA9F736E}.Release|x86.Build.0 = Release|Win32
		{CC2AB036-C3A5-476C-A8C1-4024A8B05A1B}.Debug|x64.ActiveCfg = Debug|x64
		{CC2AB036-C3A5-476C-A8C1-4024A8B05A1B}.Debug|x64.Build.0 = Debug|x64
		{CC2AB036-C3A5-476C-A8C1-4024A8B05A1B}.Debug|x86.ActiveCfg = Debug|Win32
		{CC2AB036-C3A5-476C-A8C1-4024A8B05A1B}.Debug|x86.Build.0 = Debug|Win32
		{CC2AB036-C3A5-476C-A8C1-4024A8B05A1B}.Release|x64.ActiveCfg = Release|x64
		{CC2AB036-C3A5-476C-A8C1-4024A8B05A1B}.Release|x64.Build.0 = Release|x64
		{CC2AB036-C3A5-476C-A8C1-4024A8B05A1B}.Release|x86.ActiveCfg = Release|Win32
		{CC2AB036-C3A5-476C-A8C1-4024A8B05A1B}.Release|x86.Build.0 = Release|Win32
		{125BB9A0-E203-4609-888D-3B35FD781319}.Debug|x64.ActiveCfg = Debug|x64
		{125BB9A0-E203-4609-888D-3B35FD781319}.Debug|x64.Build.0 = Debug|x64
		{125BB9A0-E203-4609-888D-3B35FD781319}.Debug|x86.ActiveCfg = Debug|Win32
		{125BB9A0-E203-4609-888D-3B35FD781319}.Debug|x86.Build.0 = Debug|Win32
		{125BB9A0-E203-4609-888D-3B35FD781319}.Release|x64.ActiveCfg = Release|x64
		{125BB9A0-E203-4609-888D-3B35FD781319}.Release|x64.Build.0 = Release|x64
		{125BB9A0-E203-4609-888D-3B35FD781319}.Release|x86.ActiveCfg = Release|Win32
		{125BB9A0-E203-4609-888D-3B35FD781319}.Release|x86.Build.0 = Release|Win32
		{975795E4-CA5D-40F3-9D51-A3F1BD6C80E5}.Debug|x64.ActiveCfg = Debug|x64
		{975795E4-CA5D-40F3-9D51-A3F1BD6C80E5}.Debug|x64.Build.0 = Debug|x64
		{975795E4-CA5D-40F3-9D51-A3F1BD6C80E5}.Debug|x86.ActiveCfg = Debug|Win32
		{975795E4-CA5D-40F3-9D51-A3F1BD6C80E5}.Debug|x86.Build.0 = Debug|Win32
		{975795E4-CA5D-40F3-9D51-A3F1BD6C80E5}.Release|x64.ActiveCfg = Release|x64
		{975795E4-CA5D-40F3-9D51-A3F1BD6C80E5}.Release|x64.Build.0 = Release|x64
		{975795E4-CA5D-40F3-9D51-A3F1BD6C80E5}.Release|x86.ActiveCfg = Release|Win32
		{975795E4-CA5D-40F3-9D51-A3F1BD6C80E5}.Release|x86.Build.0 = Release|Win32
		{416501ED-C51F-4B2A-9B7F-7818749FC78E}.Debug|x64.ActiveCfg = Debug|x64
		{416501ED-C51F-4B2A-9B7F-7818749FC78E}.Debug|x64.Build.0 = Debug|x64
		{416501ED-C51F-4B2A-9B7F-7818749FC78E}.Debug|x86.ActiveCfg = Debug|Win32
		{416501ED-C51F-4B2A-9B7F-7818749FC78E}.Debug|x86.Build.0 = Debug|Win32
		{416501ED-C51F-4B2A-9B7F-7818749FC78E}.Release|x64.ActiveCfg = Release|x64
		{416501ED-C51F-4B2A-9B7F-7818749FC78E}.Release|x64.Build.0 = Release|x64
		{416501ED-C51F-4B2A-9B7F-7818749FC78E}.Release|x86.ActiveCfg = Release|Win32
		{416501ED-C51F-4B2A-9B7F-7818749FC78E}.Release|x86.Build.0 = Release|Win32
		{962899EB-305A-4B94-9F3E-295775466E0E}.Debug|x64.ActiveCfg = Debug|x64
		{962899EB-305A-4B94-9F3E-295775466E0E}.Debug|x64.Build.0 = Debug|x64
		{962899EB-305A-4B94-9F3E-295775466E0E}.Debug|x86.ActiveCfg = Debug|Win32
		{962899EB-305A-4B94-9F3E-295775466E0E}.Debug|x86.Build.0 = Debug|Win32
		{962899EB-305A-4B94-9F3E-295775466E0E}.Release|x64.ActiveCfg = Release|x64
		{962899EB-305A-4B94-9F3E-295775466E0E}.Release|x64.Build.0 = Release|x64
		{962899EB-305A-4B94-9F3E-295775466E0E}.Release|x86.ActiveCfg = Release|Win32
		{962899EB-305A-4B94-9F3E-295775466E0E}.Release|x86.Build.0 = Release|Win32
		{6FDABD98-427D-4532-BF81-92A0C25BBB4C}.Debug|x64.ActiveCfg = Debug|x64
		{6FDABD98-427D-4532-BF81-92A0C25BBB4C}.Debug|x64.Build.0 = Debug|x64
		{6FDABD98-427D-4532-BF81-92A0C25BBB4C}.Debug|x86.ActiveCfg = Debug|Win32
		{6FDABD98-427D-4532-BF81-92A0C25BBB4C}.Debug|x86.Build.0 = Debug|Win32
		{6FDABD98-427D-4532-BF81-92A0C25BBB4C}.Release|x64.ActiveCfg = Release|x64
		{6FDABD98-427D-4532-BF81-92A0C25BBB4C}.Release|x64.Build.0 = Release|x64
		{6FDABD98-427D-4532-BF81-92A0C25BBB4C}.Release|x86.ActiveCfg = Release|Win32
		{6FDABD98-427D-4532-BF81-92A0C25BBB4C}.Release|x86.Build.0 = Release|Win32
		{C8785C60-5E00-4AAF-B7A0-E72A274FFB01}.Debug|x64.ActiveCfg = Debug|x64
		{C8785C60-5E00-4AAF-B7A0-E72A274FFB01}.Debug|x64.Build.0 = Debug|x64
		{C8785C60-5E00-4AAF-B7A0-E72A274FFB01}.Debug|x86.ActiveCfg = Debug|Win32
		{C8785C60-5E00-4AAF-B7A0-E72A274FFB01}.Debug|x86.Build.0 = Debug|Win32
		{C8785C60-5E00-4AAF-B7A0-E72A274FFB01}.Release|x64.ActiveCfg = Release|x64
		{C8785C60-5E00-4AAF-B7A0-E72A274FFB01}.Release|x64.Build.0 = Release|x64
		{C8785C60-5E00-4AAF-B7A0-E72A274FFB01}.Release|x86.ActiveCfg = Release|Win32
		{C8785C60-5E00-4AAF-B7A0-E72A274FFB01}.Release|x86.Build.0 = Release|Win32
		{69553C29-016A-4916-B94C-484A4EEB9D4E}.Debug|x64.ActiveCfg = Debug|x64
		{69553C29-016A-4916-B94C-484A4EEB9D4E}.Debug|x64.Build.0 = Debug|x64
		{69553C29-016A-4916-B94C-484A4EEB9D4E}.Debug|x86.ActiveCfg = Debug|Win32
		{69553C29-016A-4916-B94C-484A4EEB9D4E}.Debug|x86.Build.0 = Debug|Win32
		{69553C29-016A-4916-B94C-484A4EEB9D4E}.Release|x64.ActiveCfg = Release|x64
		{69553C29-016A-4916-B94C-484A4EEB9D4E}.Release|x64.Build.0 = Release|x64
		{69553C29-016A-4916-B94C-484A4EEB9D4E}.Release|x86.ActiveCfg = Release|Win32
		{69553C29-016A-4916-B94C-484A4EEB9D4E}.Release|x86.Build.0 = Release|Win32
		{BAB79E11-9B64-48C5-A202-6D01AE09BB58}.Debug|x64.ActiveCfg = Debug|x64
		{BAB79E11-9B64-48C5-A202-6D01AE09BB58}.Debug|x64.Build.0 = Debug|x64
		{BAB79E11-9B64-48C5-A202-6D01AE09BB58}.Debug|x86.ActiveCfg = Debug|Win32
		{BAB79E11-9B64-48C5-A202-6D01AE09BB58}.Debug|x86.Build.0 = Debug|Win32
		{BAB79E11-9B64-48C5-A202-6D01AE09BB58}.Release|x64.ActiveCfg = Release|x64
		{BAB79E11-9B64-48C5-A202-6D01AE09BB58}.Release|x64.Build.0 = Release|x64
		{BAB79E11-9B64-48C5-A202-6D01AE09BB58}.Release|x86.ActiveCfg = Release|Win32
		{BAB79E11-9B64-48C5-A202-6D01AE09BB58}.Release|x86.Build.0 = Release|Win32
		{CFDDC338-5A54-4031-81B2-A822262D6D6B}.Debug|x64.ActiveCfg = Debug|x64
		{CFDDC338-5A54-4031-81B2-A822262D6D6B}.Debug|x64.Build.0 = Debug|x64
		{CFDDC338-5A54-4031-81B2-A822262D6D6B}.Debug|x86.ActiveCfg = Debug|Win32
		{CFDDC338-5A54-4031-81B2-A822262D6D6B}.Debug|x86.Build.0 = Debug|Win32
		{CFDDC338-5A54-4031-81B2-A822262D6D6B}.Release|x64.ActiveCfg = Release|x64
		{CFDDC338-5A54-4031-81B2-A822262D6D6B}.Release|x64.Build.0 = Release|x64
		{CFDDC338-5A54-4031-81B2-A822262D6D6B}.Release|x86.ActiveCfg = Release|Win32
		{CFDDC338-5A54-4031-81B2-A822262D6D6B}.Release|x86.Build.0 = Release|Win32
		{3CA8E1A6-015D-4AB9-A7BB-A8C12E0D0B52}.Debug|x64.ActiveCfg = Debug|x64
		{3CA8E1A6-015D-4AB9-A7BB-A8C12E0D0B52}.Debug|x64.Build.0 = Debug|x64
		{3CA8E1A6-015D-4AB9-A7BB-A8C12E0D0B52}.Debug|x86.ActiveCfg = Debug|Win32
		{3CA8E1A6-015D-4AB9-A7BB-A8C12E0D0B52}.Debug|x86.Build.0 = Debug|Win32
		{3CA8E1A6-015D-4AB9-A7BB-A8C12E0D0B52}.Release|x64.ActiveCfg = Release|x64
		{3CA8E1A6-015D-4AB9-A7BB-A8C12E0D0B52}.Release|x64.Build.0 = Release|x64
		{3CA8E1A6-015D-4AB9-A7BB-A8C12E0D0B52}.Release|x86.ActiveCfg = Release|Win32
		{3CA8E1A6-015D-4AB9-A7BB-A8C12E0D0B52}.Release|x86.Build.0 = Release|Win32
		{6D9EE4F9-1115-433C-8290-4736426E98D2}.Debug|x64.ActiveCfg = Debug|x64
		{6D9EE4F9-1115-433C-8290-4736426E98D2}.Debug|x64.Build.0 = Debug|x64
		{6D9EE4F9-1115-433C-8290-4736426E98D2}.Debug|x86.ActiveCfg = Debug|Win32
		{6D9EE4F9-1115-433C-8290-4736426E98D2}.Debug|x86.Build.0 = Debug|Win32
		{6D9EE4F9-1115-433C-8290-4736426E98D2}.Release|x64.ActiveCfg = Release|x64
		{6D9EE4F9-1115-433C-8290-4736426E98D2}.Release|x64.Build.0 = Release|x64
		{6D9EE4F9-1115-433C-8290-4736426E98D2}.Release|x86.ActiveCfg = Release|Win32
		{6D9EE4F9-1115-433C-8290-4736426E98D2}.Release|x86.Build.0 = Release|Win32
		{29CE4FE3-DAC1-4475-8F01-65C55D1CFB1D}.Debug|x64.ActiveCfg = Debug|x64
		{29CE4FE3-DAC1-4475-8F01-65C55D1CFB1D}.Debug|x64.Build.0 = Debug|x64
		{29CE4FE3-DAC1-4475-8F01-65C55D1CFB1D}.Debug|x86.ActiveCfg = Debug|Win32
		{29CE4FE3-DAC1-4475-8F01-65C55D1CFB1D}.Debug|x86.Build.0 = Debug|Win32
		{29CE4FE3-DAC1-4475-8F01-65C55D1CFB1D}.Release|x64.ActiveCfg = Release|x64
		{29CE4FE3-DAC1-4475-8F01-65C55D1CFB1D}.Release|x64.Build.0 = Release|x64
		{29CE4FE3-DAC1-4475-8F01-65C55D1CFB1D}.Release|x86.ActiveCfg = Release|Win32
		{29CE4FE3-DAC1-4475-8F01-65C55D1CFB1D}.Release|x86.Build.0 = Release|Win32
		{B6A93103-8840-4A7B-9C52-B1CC52EB51BD}.Debug|x64.ActiveCfg = Debug|x64
		{B6A93103-8840-4A7B-9C52-B1CC52EB51BD}.Debug|x64.Build.0 = Debug|x64
		{B6A93103-8840-4A7B-9C52-B1CC52EB51BD}.Debug|x86.ActiveCfg = Debug|Win32
		{B6A93103-8840-4A7B-9C52-B1CC52EB51BD}.Debug|x86.Build.0 = Debug|Win32
		{B6A93103-8840-4A7B-9C52-B1CC52EB51BD}.Release|x64.ActiveCfg = Release|x64
		{B6A93103-8840-4A7B-9C52-B1CC52EB51BD}.Release|x64.Build.0 = Release|x64
		{B6A93103-8840-4A7B-9C52-B1CC52EB51BD}.Release|x86.ActiveCfg = Release|Win32
		{B6A93103-8840-4A7B-9C52-B1CC52EB51BD}.Release|x86.Build.0 = Release|Win32
		{B4D7D22F-2989-4056-8033-141E44319788}.Debug|x64.ActiveCfg = Debug|x64
		{B4D7D22F-2989-4056-8033-141E44319788}.Debug|x64.Build.0 = Debug|x64
		{B4D7D22F-2989-4056-8033-141E44319788}.Debug|x86.ActiveCfg = Debug|Win32
		{B4D7D22F-2989-4056-8033-141E44319788}.Debug|x86.Build.0 = Debug|Win32
		{B4D7D22F-2989-4056-8033-141E44319788}.Release|x64.ActiveCfg = Release|x64
		{B4D7D22F-2989-4056-8033-141E44319788}.Release|x64.Build.0 = Release|x64
		{B4D7D22F-2989-4056-8033-141E44319788}.Release|x86.ActiveCfg = Release|Win32
		{B4D7D22F-2989-4056-8033-141E44319788}.Release|x86.Build.0 = Release|Win32
		{04A87669-FCB7-4FAB-902C-24B304D1AA22}.Debug|x64.ActiveCfg = Debug|x64
		{04A87669-FCB7-4FAB-902C-24B304D1AA22}.Debug|x64.Build.0 = Debug|x64
		{04A87669-FCB7-4FAB-902C-24B304D1AA22}.Debug|x86.ActiveCfg = Debug|Win32
		{04A87669-FCB7-4FAB-902C-24B304D1AA22}.Debug|x86.Build.0 = Debug|Win32
		{04A87669-FCB7-4FAB-902C-24B304D1AA22}.Release|x64.ActiveCfg = Release|x64
		{04A87669-FCB7-4FAB-902C-24B304D1AA22}.Release|x64.Build.0 = Release|x64
		{04A87669-FCB7-4FAB-902C-24B304D1AA22}.Release|x86.ActiveCfg = Release|Win32
		{04A87669-FCB7-4FAB-902C-24B304D1AA22}.Release|x86.Build.0 = Release|Win32
		{85F16A92-790F-4810-96F3-BE04D134121E}.Debug|x64.ActiveCfg = Debug|x64
		{85F16A92-790F-4810-96F3-BE04D134121E}.Debug|x64.Build.0 = Debug|x64
		{85F16A92-790F-4810-96F3-BE04D134121E}.Debug|x86.ActiveCfg = Debug|Win32
		{85F16A92-790F-4810-96F3-BE04D134121E}.Debug|x86.Build.0 = Debug|Win32
		{85F16A92-790F-4810-96F3-BE04D134121E}.Release|x64.ActiveCfg = Release|x64
		{85F16A92-790F-4810-96F3-BE04D134121E}.Release|x64.Build.0 = Release|x64
		{85F16A92-790F-4810-96F3-BE04D134121E}.Release|x86.ActiveCfg = Release|Win32
		{85F16A92-790F-4810-96F3-BE04D134121E}.Release|x86.Build.0 = Release|Win32
		{73C0927A-AF8B-4C7A-AB01-FD206EE3050F}.Debug|x64.ActiveCfg = Debug|x64
		{73C0927A-AF8B-4C7A-AB01-FD206EE3050F}.Debug|x64.Build.0 = Debug|x64
		{73C0927A-AF8B-4C7A-AB01-FD206EE3050F}.Debug|x86.ActiveCfg = Debug|Win32
		{73C0927A-AF8B-4C7A-AB01-FD206EE3050F}.Debug|x86.Build.0 = Debug|Win32
		{73C0927A-AF8B-4C7A-AB01-FD206EE3050F}.Release|x64.ActiveCfg = Release|x64
		{73C0927A-AF8B-4C7A-AB01-FD206EE3050F}.Release|x64.Build.0 = Release|x64
		{73C0927A-AF8B-4C7A-AB01-FD206EE3050F}.Release|x86.ActiveCfg = Release|Win32
		{73C0927A-AF8B-4C7A-AB01-FD206EE3050F}.Release|x86.Build.0 = Release|Win32
	EndGlobalSection
	GlobalSection(SolutionProperties) = preSolution
		HideSolutionNode = FALSE
	EndGlobalSection
	GlobalSection(ExtensibilityGlobals) = postSolution
		SolutionGuid = {D4480DB4-A113-4F76-8FBF-7EBDA3F29DA7}
	EndGlobalSection
EndGlobal
