
Microsoft Visual Studio Solution File, Format Version 12.00
# Visual Studio 15
VisualStudioVersion = 15.0.28307.106
MinimumVisualStudioVersion = 10.0.40219.1
Project("{8BC9CEB8-8B4A-11D0-8D11-00A0C91BC942}") = "Ch07", "Ch07\Ch07.vcxproj", "{0FC76A0A-09C1-478E-AEEC-ADCB75BB4E10}"
EndProject
Project("{8BC9CEB8-8B4A-11D0-8D11-00A0C91BC942}") = "EmployeeManager1", "EmployeeManager1\EmployeeManager1.vcxproj", "{EC65D54E-C5F9-46DA-9DA3-EDE7E2901D14}"
EndProject
Project("{8BC9CEB8-8B4A-11D0-8D11-00A0C91BC942}") = "UnivStudentInheri", "UnivStudentInheri\UnivStudentInheri.vcxproj", "{5468FECB-2D3C-49D4-8AA1-AA6D75593057}"
EndProject
Project("{8BC9CEB8-8B4A-11D0-8D11-00A0C91BC942}") = "DerivCreOrder", "DerivCreOrder\DerivCreOrder.vcxproj", "{76801080-0511-4C4D-8901-922AAF09A9A0}"
EndProject
Project("{8BC9CEB8-8B4A-11D0-8D11-00A0C91BC942}") = "DerivDestOrder", "DerivDestOrder\DerivDestOrder.vcxproj", "{8FA7FBF7-E200-4528-A735-A52C14E14B29}"
EndProject
Project("{8BC9CEB8-8B4A-11D0-8D11-00A0C91BC942}") = "DestModel", "DestModel\DestModel.vcxproj", "{DC4EE20F-2622-4167-A656-009BAD5BEB3C}"
EndProject
Project("{8BC9CEB8-8B4A-11D0-8D11-00A0C91BC942}") = "Q07-1", "Q07-1\Q07-1.vcxproj", "{03242997-6C49-4B3E-B616-54CB1DB63F00}"
EndProject
Project("{8BC9CEB8-8B4A-11D0-8D11-00A0C91BC942}") = "Q07-1_2", "Q07-1_2\Q07-1_2.vcxproj", "{CBB1239C-7A3B-4413-BEF1-11E478A9B1DB}"
EndProject
Project("{8BC9CEB8-8B4A-11D0-8D11-00A0C91BC942}") = "ProtectedHeri", "ProtectedHeri\ProtectedHeri.vcxproj", "{3FF2E25C-0619-42C4-81B6-91E5B11C3D2C}"
EndProject
Project("{8BC9CEB8-8B4A-11D0-8D11-00A0C91BC942}") = "ISAIngeritance", "ISAIngeritance\ISAIngeritance.vcxproj", "{737B67DE-7A3A-4858-BC0F-420518DB66E6}"
EndProject
Project("{8BC9CEB8-8B4A-11D0-8D11-00A0C91BC942}") = "HASInheritance", "HASInheritance\HASInheritance.vcxproj", "{E5772043-DB71-4D69-AC85-7EC7D4508BEA}"
EndProject
Project("{8BC9CEB8-8B4A-11D0-8D11-00A0C91BC942}") = "HasComposite", "HasComposite\HasComposite.vcxproj", "{F14D3819-227C-4933-AC85-A98D0A02663D}"
EndProject
Project("{8BC9CEB8-8B4A-11D0-8D11-00A0C91BC942}") = "Q07-2-1", "Q07-2-1\Q07-2-1.vcxproj", "{749ECC5B-0BDF-4FE4-B4A7-9E23CE47B795}"
EndProject
Project("{8BC9CEB8-8B4A-11D0-8D11-00A0C91BC942}") = "Q07-2-2", "Q07-2-2\Q07-2-2.vcxproj", "{97C48152-CF07-4264-A6D8-F91A19900568}"
EndProject
Global
	GlobalSection(SolutionConfigurationPlatforms) = preSolution
		Debug|x64 = Debug|x64
		Debug|x86 = Debug|x86
		Release|x64 = Release|x64
		Release|x86 = Release|x86
	EndGlobalSection
	GlobalSection(ProjectConfigurationPlatforms) = postSolution
		{0FC76A0A-09C1-478E-AEEC-ADCB75BB4E10}.Debug|x64.ActiveCfg = Debug|x64
		{0FC76A0A-09C1-478E-AEEC-ADCB75BB4E10}.Debug|x64.Build.0 = Debug|x64
		{0FC76A0A-09C1-478E-AEEC-ADCB75BB4E10}.Debug|x86.ActiveCfg = Debug|Win32
		{0FC76A0A-09C1-478E-AEEC-ADCB75BB4E10}.Debug|x86.Build.0 = Debug|Win32
		{0FC76A0A-09C1-478E-AEEC-ADCB75BB4E10}.Release|x64.ActiveCfg = Release|x64
		{0FC76A0A-09C1-478E-AEEC-ADCB75BB4E10}.Release|x64.Build.0 = Release|x64
		{0FC76A0A-09C1-478E-AEEC-ADCB75BB4E10}.Release|x86.ActiveCfg = Release|Win32
		{0FC76A0A-09C1-478E-AEEC-ADCB75BB4E10}.Release|x86.Build.0 = Release|Win32
		{EC65D54E-C5F9-46DA-9DA3-EDE7E2901D14}.Debug|x64.ActiveCfg = Debug|x64
		{EC65D54E-C5F9-46DA-9DA3-EDE7E2901D14}.Debug|x64.Build.0 = Debug|x64
		{EC65D54E-C5F9-46DA-9DA3-EDE7E2901D14}.Debug|x86.ActiveCfg = Debug|Win32
		{EC65D54E-C5F9-46DA-9DA3-EDE7E2901D14}.Debug|x86.Build.0 = Debug|Win32
		{EC65D54E-C5F9-46DA-9DA3-EDE7E2901D14}.Release|x64.ActiveCfg = Release|x64
		{EC65D54E-C5F9-46DA-9DA3-EDE7E2901D14}.Release|x64.Build.0 = Release|x64
		{EC65D54E-C5F9-46DA-9DA3-EDE7E2901D14}.Release|x86.ActiveCfg = Release|Win32
		{EC65D54E-C5F9-46DA-9DA3-EDE7E2901D14}.Release|x86.Build.0 = Release|Win32
		{5468FECB-2D3C-49D4-8AA1-AA6D75593057}.Debug|x64.ActiveCfg = Debug|x64
		{5468FECB-2D3C-49D4-8AA1-AA6D75593057}.Debug|x64.Build.0 = Debug|x64
		{5468FECB-2D3C-49D4-8AA1-AA6D75593057}.Debug|x86.ActiveCfg = Debug|Win32
		{5468FECB-2D3C-49D4-8AA1-AA6D75593057}.Debug|x86.Build.0 = Debug|Win32
		{5468FECB-2D3C-49D4-8AA1-AA6D75593057}.Release|x64.ActiveCfg = Release|x64
		{5468FECB-2D3C-49D4-8AA1-AA6D75593057}.Release|x64.Build.0 = Release|x64
		{5468FECB-2D3C-49D4-8AA1-AA6D75593057}.Release|x86.ActiveCfg = Release|Win32
		{5468FECB-2D3C-49D4-8AA1-AA6D75593057}.Release|x86.Build.0 = Release|Win32
		{76801080-0511-4C4D-8901-922AAF09A9A0}.Debug|x64.ActiveCfg = Debug|x64
		{76801080-0511-4C4D-8901-922AAF09A9A0}.Debug|x64.Build.0 = Debug|x64
		{76801080-0511-4C4D-8901-922AAF09A9A0}.Debug|x86.ActiveCfg = Debug|Win32
		{76801080-0511-4C4D-8901-922AAF09A9A0}.Debug|x86.Build.0 = Debug|Win32
		{76801080-0511-4C4D-8901-922AAF09A9A0}.Release|x64.ActiveCfg = Release|x64
		{76801080-0511-4C4D-8901-922AAF09A9A0}.Release|x64.Build.0 = Release|x64
		{76801080-0511-4C4D-8901-922AAF09A9A0}.Release|x86.ActiveCfg = Release|Win32
		{76801080-0511-4C4D-8901-922AAF09A9A0}.Release|x86.Build.0 = Release|Win32
		{8FA7FBF7-E200-4528-A735-A52C14E14B29}.Debug|x64.ActiveCfg = Debug|x64
		{8FA7FBF7-E200-4528-A735-A52C14E14B29}.Debug|x64.Build.0 = Debug|x64
		{8FA7FBF7-E200-4528-A735-A52C14E14B29}.Debug|x86.ActiveCfg = Debug|Win32
		{8FA7FBF7-E200-4528-A735-A52C14E14B29}.Debug|x86.Build.0 = Debug|Win32
		{8FA7FBF7-E200-4528-A735-A52C14E14B29}.Release|x64.ActiveCfg = Release|x64
		{8FA7FBF7-E200-4528-A735-A52C14E14B29}.Release|x64.Build.0 = Release|x64
		{8FA7FBF7-E200-4528-A735-A52C14E14B29}.Release|x86.ActiveCfg = Release|Win32
		{8FA7FBF7-E200-4528-A735-A52C14E14B29}.Release|x86.Build.0 = Release|Win32
		{DC4EE20F-2622-4167-A656-009BAD5BEB3C}.Debug|x64.ActiveCfg = Debug|x64
		{DC4EE20F-2622-4167-A656-009BAD5BEB3C}.Debug|x64.Build.0 = Debug|x64
		{DC4EE20F-2622-4167-A656-009BAD5BEB3C}.Debug|x86.ActiveCfg = Debug|Win32
		{DC4EE20F-2622-4167-A656-009BAD5BEB3C}.Debug|x86.Build.0 = Debug|Win32
		{DC4EE20F-2622-4167-A656-009BAD5BEB3C}.Release|x64.ActiveCfg = Release|x64
		{DC4EE20F-2622-4167-A656-009BAD5BEB3C}.Release|x64.Build.0 = Release|x64
		{DC4EE20F-2622-4167-A656-009BAD5BEB3C}.Release|x86.ActiveCfg = Release|Win32
		{DC4EE20F-2622-4167-A656-009BAD5BEB3C}.Release|x86.Build.0 = Release|Win32
		{03242997-6C49-4B3E-B616-54CB1DB63F00}.Debug|x64.ActiveCfg = Debug|x64
		{03242997-6C49-4B3E-B616-54CB1DB63F00}.Debug|x64.Build.0 = Debug|x64
		{03242997-6C49-4B3E-B616-54CB1DB63F00}.Debug|x86.ActiveCfg = Debug|Win32
		{03242997-6C49-4B3E-B616-54CB1DB63F00}.Debug|x86.Build.0 = Debug|Win32
		{03242997-6C49-4B3E-B616-54CB1DB63F00}.Release|x64.ActiveCfg = Release|x64
		{03242997-6C49-4B3E-B616-54CB1DB63F00}.Release|x64.Build.0 = Release|x64
		{03242997-6C49-4B3E-B616-54CB1DB63F00}.Release|x86.ActiveCfg = Release|Win32
		{03242997-6C49-4B3E-B616-54CB1DB63F00}.Release|x86.Build.0 = Release|Win32
		{CBB1239C-7A3B-4413-BEF1-11E478A9B1DB}.Debug|x64.ActiveCfg = Debug|x64
		{CBB1239C-7A3B-4413-BEF1-11E478A9B1DB}.Debug|x64.Build.0 = Debug|x64
		{CBB1239C-7A3B-4413-BEF1-11E478A9B1DB}.Debug|x86.ActiveCfg = Debug|Win32
		{CBB1239C-7A3B-4413-BEF1-11E478A9B1DB}.Debug|x86.Build.0 = Debug|Win32
		{CBB1239C-7A3B-4413-BEF1-11E478A9B1DB}.Release|x64.ActiveCfg = Release|x64
		{CBB1239C-7A3B-4413-BEF1-11E478A9B1DB}.Release|x64.Build.0 = Release|x64
		{CBB1239C-7A3B-4413-BEF1-11E478A9B1DB}.Release|x86.ActiveCfg = Release|Win32
		{CBB1239C-7A3B-4413-BEF1-11E478A9B1DB}.Release|x86.Build.0 = Release|Win32
		{3FF2E25C-0619-42C4-81B6-91E5B11C3D2C}.Debug|x64.ActiveCfg = Debug|x64
		{3FF2E25C-0619-42C4-81B6-91E5B11C3D2C}.Debug|x64.Build.0 = Debug|x64
		{3FF2E25C-0619-42C4-81B6-91E5B11C3D2C}.Debug|x86.ActiveCfg = Debug|Win32
		{3FF2E25C-0619-42C4-81B6-91E5B11C3D2C}.Debug|x86.Build.0 = Debug|Win32
		{3FF2E25C-0619-42C4-81B6-91E5B11C3D2C}.Release|x64.ActiveCfg = Release|x64
		{3FF2E25C-0619-42C4-81B6-91E5B11C3D2C}.Release|x64.Build.0 = Release|x64
		{3FF2E25C-0619-42C4-81B6-91E5B11C3D2C}.Release|x86.ActiveCfg = Release|Win32
		{3FF2E25C-0619-42C4-81B6-91E5B11C3D2C}.Release|x86.Build.0 = Release|Win32
		{737B67DE-7A3A-4858-BC0F-420518DB66E6}.Debug|x64.ActiveCfg = Debug|x64
		{737B67DE-7A3A-4858-BC0F-420518DB66E6}.Debug|x64.Build.0 = Debug|x64
		{737B67DE-7A3A-4858-BC0F-420518DB66E6}.Debug|x86.ActiveCfg = Debug|Win32
		{737B67DE-7A3A-4858-BC0F-420518DB66E6}.Debug|x86.Build.0 = Debug|Win32
		{737B67DE-7A3A-4858-BC0F-420518DB66E6}.Release|x64.ActiveCfg = Release|x64
		{737B67DE-7A3A-4858-BC0F-420518DB66E6}.Release|x64.Build.0 = Release|x64
		{737B67DE-7A3A-4858-BC0F-420518DB66E6}.Release|x86.ActiveCfg = Release|Win32
		{737B67DE-7A3A-4858-BC0F-420518DB66E6}.Release|x86.Build.0 = Release|Win32
		{E5772043-DB71-4D69-AC85-7EC7D4508BEA}.Debug|x64.ActiveCfg = Debug|x64
		{E5772043-DB71-4D69-AC85-7EC7D4508BEA}.Debug|x64.Build.0 = Debug|x64
		{E5772043-DB71-4D69-AC85-7EC7D4508BEA}.Debug|x86.ActiveCfg = Debug|Win32
		{E5772043-DB71-4D69-AC85-7EC7D4508BEA}.Debug|x86.Build.0 = Debug|Win32
		{E5772043-DB71-4D69-AC85-7EC7D4508BEA}.Release|x64.ActiveCfg = Release|x64
		{E5772043-DB71-4D69-AC85-7EC7D4508BEA}.Release|x64.Build.0 = Release|x64
		{E5772043-DB71-4D69-AC85-7EC7D4508BEA}.Release|x86.ActiveCfg = Release|Win32
		{E5772043-DB71-4D69-AC85-7EC7D4508BEA}.Release|x86.Build.0 = Release|Win32
		{F14D3819-227C-4933-AC85-A98D0A02663D}.Debug|x64.ActiveCfg = Debug|x64
		{F14D3819-227C-4933-AC85-A98D0A02663D}.Debug|x64.Build.0 = Debug|x64
		{F14D3819-227C-4933-AC85-A98D0A02663D}.Debug|x86.ActiveCfg = Debug|Win32
		{F14D3819-227C-4933-AC85-A98D0A02663D}.Debug|x86.Build.0 = Debug|Win32
		{F14D3819-227C-4933-AC85-A98D0A02663D}.Release|x64.ActiveCfg = Release|x64
		{F14D3819-227C-4933-AC85-A98D0A02663D}.Release|x64.Build.0 = Release|x64
		{F14D3819-227C-4933-AC85-A98D0A02663D}.Release|x86.ActiveCfg = Release|Win32
		{F14D3819-227C-4933-AC85-A98D0A02663D}.Release|x86.Build.0 = Release|Win32
		{749ECC5B-0BDF-4FE4-B4A7-9E23CE47B795}.Debug|x64.ActiveCfg = Debug|x64
		{749ECC5B-0BDF-4FE4-B4A7-9E23CE47B795}.Debug|x64.Build.0 = Debug|x64
		{749ECC5B-0BDF-4FE4-B4A7-9E23CE47B795}.Debug|x86.ActiveCfg = Debug|Win32
		{749ECC5B-0BDF-4FE4-B4A7-9E23CE47B795}.Debug|x86.Build.0 = Debug|Win32
		{749ECC5B-0BDF-4FE4-B4A7-9E23CE47B795}.Release|x64.ActiveCfg = Release|x64
		{749ECC5B-0BDF-4FE4-B4A7-9E23CE47B795}.Release|x64.Build.0 = Release|x64
		{749ECC5B-0BDF-4FE4-B4A7-9E23CE47B795}.Release|x86.ActiveCfg = Release|Win32
		{749ECC5B-0BDF-4FE4-B4A7-9E23CE47B795}.Release|x86.Build.0 = Release|Win32
		{97C48152-CF07-4264-A6D8-F91A19900568}.Debug|x64.ActiveCfg = Debug|x64
		{97C48152-CF07-4264-A6D8-F91A19900568}.Debug|x64.Build.0 = Debug|x64
		{97C48152-CF07-4264-A6D8-F91A19900568}.Debug|x86.ActiveCfg = Debug|Win32
		{97C48152-CF07-4264-A6D8-F91A19900568}.Debug|x86.Build.0 = Debug|Win32
		{97C48152-CF07-4264-A6D8-F91A19900568}.Release|x64.ActiveCfg = Release|x64
		{97C48152-CF07-4264-A6D8-F91A19900568}.Release|x64.Build.0 = Release|x64
		{97C48152-CF07-4264-A6D8-F91A19900568}.Release|x86.ActiveCfg = Release|Win32
		{97C48152-CF07-4264-A6D8-F91A19900568}.Release|x86.Build.0 = Release|Win32
	EndGlobalSection
	GlobalSection(SolutionProperties) = preSolution
		HideSolutionNode = FALSE
	EndGlobalSection
	GlobalSection(ExtensibilityGlobals) = postSolution
		SolutionGuid = {3C43E5C5-4872-4DA6-9D46-FFB8BF4F92EE}
	EndGlobalSection
EndGlobal
